
Microsoft Visual Studio Solution File, Format Version 12.00
# Visual Studio 14
VisualStudioVersion = 14.0.23107.0
MinimumVisualStudioVersion = 10.0.40219.1
Project("{8BC9CEB8-8B4A-11D0-8D11-00A0C91BC942}") = "1 zadatak", "1 zadatak\1 zadatak.vcxproj", "{8CED73AD-D91E-4449-A4B9-0EA93324FA2B}"
EndProject
Project("{8BC9CEB8-8B4A-11D0-8D11-00A0C91BC942}") = "2 zadatak", "2 zadatak\2 zadatak.vcxproj", "{7D4B96CA-A283-425A-A034-4ED6C6846D93}"
EndProject
Project("{8BC9CEB8-8B4A-11D0-8D11-00A0C91BC942}") = "3 zadatak", "3 zadatak\3 zadatak.vcxproj", "{48F09A4D-08A1-4D47-9BBC-D44C16AAEEF3}"
EndProject
Project("{8BC9CEB8-8B4A-11D0-8D11-00A0C91BC942}") = "4 zadatak", "4 zadatak\4 zadatak.vcxproj", "{FDC0599E-BAD7-4C3A-A39E-3AF7D3DFFF47}"
EndProject
Global
	GlobalSection(SolutionConfigurationPlatforms) = preSolution
		Debug|x64 = Debug|x64
		Debug|x86 = Debug|x86
		Release|x64 = Release|x64
		Release|x86 = Release|x86
	EndGlobalSection
	GlobalSection(ProjectConfigurationPlatforms) = postSolution
		{8CED73AD-D91E-4449-A4B9-0EA93324FA2B}.Debug|x64.ActiveCfg = Debug|x64
		{8CED73AD-D91E-4449-A4B9-0EA93324FA2B}.Debug|x64.Build.0 = Debug|x64
		{8CED73AD-D91E-4449-A4B9-0EA93324FA2B}.Debug|x86.ActiveCfg = Debug|Win32
		{8CED73AD-D91E-4449-A4B9-0EA93324FA2B}.Debug|x86.Build.0 = Debug|Win32
		{8CED73AD-D91E-4449-A4B9-0EA93324FA2B}.Release|x64.ActiveCfg = Release|x64
		{8CED73AD-D91E-4449-A4B9-0EA93324FA2B}.Release|x64.Build.0 = Release|x64
		{8CED73AD-D91E-4449-A4B9-0EA93324FA2B}.Release|x86.ActiveCfg = Release|Win32
		{8CED73AD-D91E-4449-A4B9-0EA93324FA2B}.Release|x86.Build.0 = Release|Win32
		{7D4B96CA-A283-425A-A034-4ED6C6846D93}.Debug|x64.ActiveCfg = Debug|x64
		{7D4B96CA-A283-425A-A034-4ED6C6846D93}.Debug|x64.Build.0 = Debug|x64
		{7D4B96CA-A283-425A-A034-4ED6C6846D93}.Debug|x86.ActiveCfg = Debug|Win32
		{7D4B96CA-A283-425A-A034-4ED6C6846D93}.Debug|x86.Build.0 = Debug|Win32
		{7D4B96CA-A283-425A-A034-4ED6C6846D93}.Release|x64.ActiveCfg = Release|x64
		{7D4B96CA-A283-425A-A034-4ED6C6846D93}.Release|x64.Build.0 = Release|x64
		{7D4B96CA-A283-425A-A034-4ED6C6846D93}.Release|x86.ActiveCfg = Release|Win32
		{7D4B96CA-A283-425A-A034-4ED6C6846D93}.Release|x86.Build.0 = Release|Win32
		{48F09A4D-08A1-4D47-9BBC-D44C16AAEEF3}.Debug|x64.ActiveCfg = Debug|x64
		{48F09A4D-08A1-4D47-9BBC-D44C16AAEEF3}.Debug|x64.Build.0 = Debug|x64
		{48F09A4D-08A1-4D47-9BBC-D44C16AAEEF3}.Debug|x86.ActiveCfg = Debug|Win32
		{48F09A4D-08A1-4D47-9BBC-D44C16AAEEF3}.Debug|x86.Build.0 = Debug|Win32
		{48F09A4D-08A1-4D47-9BBC-D44C16AAEEF3}.Release|x64.ActiveCfg = Release|x64
		{48F09A4D-08A1-4D47-9BBC-D44C16AAEEF3}.Release|x64.Build.0 = Release|x64
		{48F09A4D-08A1-4D47-9BBC-D44C16AAEEF3}.Release|x86.ActiveCfg = Release|Win32
		{48F09A4D-08A1-4D47-9BBC-D44C16AAEEF3}.Release|x86.Build.0 = Release|Win32
		{FDC0599E-BAD7-4C3A-A39E-3AF7D3DFFF47}.Debug|x64.ActiveCfg = Debug|x64
		{FDC0599E-BAD7-4C3A-A39E-3AF7D3DFFF47}.Debug|x64.Build.0 = Debug|x64
		{FDC0599E-BAD7-4C3A-A39E-3AF7D3DFFF47}.Debug|x86.ActiveCfg = Debug|Win32
		{FDC0599E-BAD7-4C3A-A39E-3AF7D3DFFF47}.Debug|x86.Build.0 = Debug|Win32
		{FDC0599E-BAD7-4C3A-A39E-3AF7D3DFFF47}.Release|x64.ActiveCfg = Release|x64
		{FDC0599E-BAD7-4C3A-A39E-3AF7D3DFFF47}.Release|x64.Build.0 = Release|x64
		{FDC0599E-BAD7-4C3A-A39E-3AF7D3DFFF47}.Release|x86.ActiveCfg = Release|Win32
		{FDC0599E-BAD7-4C3A-A39E-3AF7D3DFFF47}.Release|x86.Build.0 = Release|Win32
	EndGlobalSection
	GlobalSection(SolutionProperties) = preSolution
		HideSolutionNode = FALSE
	EndGlobalSection
EndGlobal
